
Microsoft Visual Studio Solution File, Format Version 12.00
# Visual Studio Version 17
VisualStudioVersion = 17.7.33711.374
MinimumVisualStudioVersion = 10.0.40219.1
Project("{FAE04EC0-301F-11D3-BF4B-00C04F79EFBC}") = "SpendMAUI", "SpendMAUI\SpendMAUI.csproj", "{CF4A3A12-858A-429D-B951-81A850EF09FA}"
EndProject
Global
	GlobalSection(SolutionConfigurationPlatforms) = preSolution
		Debug|Any CPU = Debug|Any CPU
		Release|Any CPU = Release|Any CPU
	EndGlobalSection
	GlobalSection(ProjectConfigurationPlatforms) = postSolution
		{CF4A3A12-858A-429D-B951-81A850EF09FA}.Debug|Any CPU.ActiveCfg = Debug|Any CPU
		{CF4A3A12-858A-429D-B951-81A850EF09FA}.Debug|Any CPU.Build.0 = Debug|Any CPU
		{CF4A3A12-858A-429D-B951-81A850EF09FA}.Debug|Any CPU.Deploy.0 = Debug|Any CPU
		{CF4A3A12-858A-429D-B951-81A850EF09FA}.Release|Any CPU.ActiveCfg = Release|Any CPU
		{CF4A3A12-858A-429D-B951-81A850EF09FA}.Release|Any CPU.Build.0 = Release|Any CPU
		{CF4A3A12-858A-429D-B951-81A850EF09FA}.Release|Any CPU.Deploy.0 = Release|Any CPU
	EndGlobalSection
	GlobalSection(SolutionProperties) = preSolution
		HideSolutionNode = FALSE
	EndGlobalSection
	GlobalSection(ExtensibilityGlobals) = postSolution
		SolutionGuid = {A3BF9B7B-66D4-43F2-9A70-4B65D026D361}
	EndGlobalSection
EndGlobal
